
Microsoft Visual Studio Solution File, Format Version 12.00
# Visual Studio Version 17
VisualStudioVersion = 17.8.34408.163
MinimumVisualStudioVersion = 10.0.40219.1
Project("{FAE04EC0-301F-11D3-BF4B-00C04F79EFBC}") = "SimpleParser", "SimpleParcer\SimpleParser.csproj", "{D1B40D3C-0A8E-495F-AB0F-CD5BED677D72}"
EndProject
Global
	GlobalSection(SolutionConfigurationPlatforms) = preSolution
		Debug|Any CPU = Debug|Any CPU
		Release|Any CPU = Release|Any CPU
	EndGlobalSection
	GlobalSection(ProjectConfigurationPlatforms) = postSolution
		{D1B40D3C-0A8E-495F-AB0F-CD5BED677D72}.Debug|Any CPU.ActiveCfg = Debug|Any CPU
		{D1B40D3C-0A8E-495F-AB0F-CD5BED677D72}.Debug|Any CPU.Build.0 = Debug|Any CPU
		{D1B40D3C-0A8E-495F-AB0F-CD5BED677D72}.Release|Any CPU.ActiveCfg = Release|Any CPU
		{D1B40D3C-0A8E-495F-AB0F-CD5BED677D72}.Release|Any CPU.Build.0 = Release|Any CPU
	EndGlobalSection
	GlobalSection(SolutionProperties) = preSolution
		HideSolutionNode = FALSE
	EndGlobalSection
	GlobalSection(ExtensibilityGlobals) = postSolution
		SolutionGuid = {0C229746-234E-4896-8062-61E4BE4D5B2B}
	EndGlobalSection
EndGlobal
